{
  "version": 4,
  "terraform_version": "1.14.9",
  "serial": 3,
  "lineage": "84e77931-86ba-4ce2-dcd5-cab79be46648",
  "outputs": {
    "sample_file_path": {
      "value": "./basic-sample-output.txt",
      "type": "string"
    }
  },
  "resources": [
    {
      "mode": "managed",
      "type": "local_file",
      "name": "basic_sample",
      "provider": "provider[\"registry.terraform.io/hashicorp/local\"]",
      "instances": [
        {
          "schema_version": 0,
          "attributes": {
            "content": "Hello from Terraform basic sample!",
            "content_base64": null,
            "content_base64sha256": "lLfHxT2+MohKcKTVEMOdEXduiuMEGmjKAkvgZfdy0Ks=",
            "content_base64sha512": "r9wEPKdv48D32XCzk2uwHn4XaONRZpapSLaVSFpS38mt1JIcvZsPzPjp8AXMgcjJuA/rAbhRN+ynfiVqIOTsbQ==",
            "content_md5": "fb6e4bb5e66dcd6dabb2322f543f8480",
            "content_sha1": "a6edbfd0fc5bc871dfe9daa0a5e6688791ad5961",
            "content_sha256": "94b7c7c53dbe32884a70a4d510c39d11776e8ae3041a68ca024be065f772d0ab",
            "content_sha512": "afdc043ca76fe3c0f7d970b3936bb01e7e1768e3516696a948b695485a52dfc9add4921cbd9b0fccf8e9f005cc81c8c9b80feb01b85137eca77e256a20e4ec6d",
            "directory_permission": "0777",
            "file_permission": "0777",
            "filename": "./basic-sample-output.txt",
            "id": "a6edbfd0fc5bc871dfe9daa0a5e6688791ad5961",
            "sensitive_content": null,
            "source": null
          },
          "sensitive_attributes": [
            [
              {
                "type": "get_attr",
                "value": "sensitive_content"
              }
            ]
          ],
          "identity_schema_version": 0
        }
      ]
    }
  ],
  "check_results": null
}
